PODS:
  - IndoorLocation (1.0.4)
  - Mapbox-iOS-SDK (4.10.0)
  - MapwizeForMapbox (2.3.3):
    - IndoorLocation (= 1.0.4)
    - Mapbox-iOS-SDK (= 4.10.0)
    - SSZipArchive (= 2.1.4)
  - OmniAccessStellarLBS (4.6.2)
  - SSZipArchive (2.1.4)

DEPENDENCIES:
  - MapwizeForMapbox
  - OmniAccessStellarLBS

SPEC CHECKSUMS:
  IndoorLocation: 9812c8c2d499ef25e6146ef90cf23f8d107213a8
  Mapbox-iOS-SDK: 8b1b777de7de373cdf000994c91af101ef886477
  MapwizeForMapbox: a6e87b455ec4bc8089eb8d6882cc5fb2895a2531
  OmniAccessStellarLBS: a8a6411844008f0eb129896fd68c566db30684a6
  SSZipArchive: 41455d4b8d2b6ab93990820b50dc697c2554a322

PODFILE CHECKSUM: 7936339a54e5f39cfce3bdf20ef5300550fc7cb0

COCOAPODS: 1.4.0
