PODS:
  - IndoorLocation (1.0.4)
  - Mapbox-iOS-SDK (4.8.0)
  - MapwizeForMapbox (2.1.6):
    - IndoorLocation (= 1.0.4)
    - Mapbox-iOS-SDK (= 4.8.0)
    - SSZipArchive (= 2.1.4)
  - OmniAccessStellarLBS (4.5.1)
  - SSZipArchive (2.1.4)

DEPENDENCIES:
  - IndoorLocation
  - MapwizeForMapbox
  - OmniAccessStellarLBS

SPEC REPOS:
  https://github.com/cocoapods/specs.git:
    - IndoorLocation
    - Mapbox-iOS-SDK
    - MapwizeForMapbox
    - OmniAccessStellarLBS
    - SSZipArchive

SPEC CHECKSUMS:
  IndoorLocation: 9812c8c2d499ef25e6146ef90cf23f8d107213a8
  Mapbox-iOS-SDK: 864bc732a20c183d87f04923295e988b504453d9
  MapwizeForMapbox: ee09dd7d011145b8831bec76581f8850ca3ddaee
  OmniAccessStellarLBS: e4ec3f7266ea0c38d87ebecea090ee2ce188a4c1
  SSZipArchive: 41455d4b8d2b6ab93990820b50dc697c2554a322

PODFILE CHECKSUM: 73e92b3bfef6468b736862c469febc860d9470c8

COCOAPODS: 1.5.3
